<?xml version="1.0" encoding="utf-8"?>
<Project ToolsVersion="4.0" xmlns="http://schemas.microsoft.com/developer/msbuild/2003">
  <ItemGroup>
    <Filter Include="Source Files">
      <UniqueIdentifier>{4FC737F1-C7A5-4376-A066-2A32D752A2FF}</UniqueIdentifier>
      <Extensions>cpp;c;cc;cxx;c++;cppm;ixx;def;odl;idl;hpj;bat;asm;asmx</Extensions>
    </Filter>
    <Filter Include="Header Files">
      <UniqueIdentifier>{93995380-89BD-4b04-88EB-625FBE52EBFB}</UniqueIdentifier>
      <Extensions>h;hh;hpp;hxx;h++;hm;inl;inc;ipp;xsd</Extensions>
    </Filter>
    <Filter Include="Tools">
      <UniqueIdentifier>{58bb8aa7-75bb-46ed-b8c6-b20137743b32}</UniqueIdentifier>
    </Filter>
    <Filter Include="SSL">
      <UniqueIdentifier>{eaad3f93-6d2a-4ed6-bd94-342e89a2efe6}</UniqueIdentifier>
    </Filter>
  </ItemGroup>
  <ItemGroup>
    <ClCompile Include="src\Source.cpp">
      <Filter>Source Files</Filter>
    </ClCompile>
    <ClCompile Include="src\Encrypt.cpp">
      <Filter>SSL</Filter>
    </ClCompile>
    <ClCompile Include="src\DecryptorAes.cpp">
      <Filter>SSL</Filter>
    </ClCompile>
  </ItemGroup>
  <ItemGroup>
    <ClInclude Include="src\Timer.h">
      <Filter>Tools</Filter>
    </ClInclude>
    <ClInclude Include="src\Encrypt.h">
      <Filter>SSL</Filter>
    </ClInclude>
    <ClInclude Include="src\DecryptorAes.h">
      <Filter>SSL</Filter>
    </ClInclude>
  </ItemGroup>
</Project>